
Microsoft Visual Studio Solution File, Format Version 12.00
# Visual Studio Version 17
VisualStudioVersion = 17.4.33213.308
MinimumVisualStudioVersion = 10.0.40219.1
Project("{9A19103F-16F7-4668-BE54-9A1E7A4F7556}") = "GrinWise", "GrinWise.csproj", "{857E8118-F9B8-4276-857B-85C885D7F9D9}"
EndProject
Global
	GlobalSection(SolutionConfigurationPlatforms) = preSolution
		Debug|Any CPU = Debug|Any CPU
		Release|Any CPU = Release|Any CPU
	EndGlobalSection
	GlobalSection(ProjectConfigurationPlatforms) = postSolution
		{857E8118-F9B8-4276-857B-85C885D7F9D9}.Debug|Any CPU.ActiveCfg = Debug|Any CPU
		{857E8118-F9B8-4276-857B-85C885D7F9D9}.Debug|Any CPU.Build.0 = Debug|Any CPU
		{857E8118-F9B8-4276-857B-85C885D7F9D9}.Release|Any CPU.ActiveCfg = Release|Any CPU
		{857E8118-F9B8-4276-857B-85C885D7F9D9}.Release|Any CPU.Build.0 = Release|Any CPU
	EndGlobalSection
	GlobalSection(SolutionProperties) = preSolution
		HideSolutionNode = FALSE
	EndGlobalSection
	GlobalSection(ExtensibilityGlobals) = postSolution
		SolutionGuid = {A954F6F9-365C-451A-B00C-410624519A42}
	EndGlobalSection
EndGlobal
